
Microsoft Visual Studio Solution File, Format Version 12.00
# Visual Studio Version 17
VisualStudioVersion = 17.10.35027.167
MinimumVisualStudioVersion = 10.0.40219.1
Project("{9A19103F-16F7-4668-BE54-9A1E7A4F7556}") = "NotificationMicroservice", "NotificationMicroservice\NotificationMicroservice.csproj", "{7AE90C0A-6BC3-4CCF-B40E-E25827198937}"
	ProjectSection(ProjectDependencies) = postProject
		{A084028D-043D-4C5C-918E-8C3BF3D44821} = {A084028D-043D-4C5C-918E-8C3BF3D44821}
	EndProjectSection
EndProject
Project("{9A19103F-16F7-4668-BE54-9A1E7A4F7556}") = "NotificationMicroservice.Domain", "NotificationMicroservice.Domain\NotificationMicroservice.Domain.csproj", "{A084028D-043D-4C5C-918E-8C3BF3D44821}"
EndProject
Project("{9A19103F-16F7-4668-BE54-9A1E7A4F7556}") = "NotificationMicroservice.DataAccess", "NotificationMicroservice.DataAccess\NotificationMicroservice.DataAccess.csproj", "{4F450633-2B8F-4CF8-878F-33D3A62ADBF8}"
EndProject
Project("{9A19103F-16F7-4668-BE54-9A1E7A4F7556}") = "NotificationMicroservice.Application", "NotificationMicroservice.Application\NotificationMicroservice.Application.csproj", "{884C9E09-1396-40D1-B29A-A1D5EC8D38A3}"
EndProject
Project("{2150E333-8FDC-42A3-9474-1A3956D46DE8}") = "docker", "docker", "{3177ACF3-5B0D-4FED-9A4F-35E473890C0E}"
	ProjectSection(SolutionItems) = preProject
		docker-compose.yml = docker-compose.yml
		docker-compose_db.yml = docker-compose_db.yml
	EndProjectSection
EndProject
Global
	GlobalSection(SolutionConfigurationPlatforms) = preSolution
		Debug|Any CPU = Debug|Any CPU
		Debug|ARM = Debug|ARM
		Debug|ARM64 = Debug|ARM64
		Debug|x64 = Debug|x64
		Debug|x86 = Debug|x86
		Release|Any CPU = Release|Any CPU
		Release|ARM = Release|ARM
		Release|ARM64 = Release|ARM64
		Release|x64 = Release|x64
		Release|x86 = Release|x86
	EndGlobalSection
	GlobalSection(ProjectConfigurationPlatforms) = postSolution
		{7AE90C0A-6BC3-4CCF-B40E-E25827198937}.Debug|Any CPU.ActiveCfg = Debug|Any CPU
		{7AE90C0A-6BC3-4CCF-B40E-E25827198937}.Debug|Any CPU.Build.0 = Debug|Any CPU
		{7AE90C0A-6BC3-4CCF-B40E-E25827198937}.Debug|ARM.ActiveCfg = Debug|Any CPU
		{7AE90C0A-6BC3-4CCF-B40E-E25827198937}.Debug|ARM.Build.0 = Debug|Any CPU
		{7AE90C0A-6BC3-4CCF-B40E-E25827198937}.Debug|ARM64.ActiveCfg = Debug|Any CPU
		{7AE90C0A-6BC3-4CCF-B40E-E25827198937}.Debug|ARM64.Build.0 = Debug|Any CPU
		{7AE90C0A-6BC3-4CCF-B40E-E25827198937}.Debug|x64.ActiveCfg = Debug|Any CPU
		{7AE90C0A-6BC3-4CCF-B40E-E25827198937}.Debug|x64.Build.0 = Debug|Any CPU
		{7AE90C0A-6BC3-4CCF-B40E-E25827198937}.Debug|x86.ActiveCfg = Debug|Any CPU
		{7AE90C0A-6BC3-4CCF-B40E-E25827198937}.Debug|x86.Build.0 = Debug|Any CPU
		{7AE90C0A-6BC3-4CCF-B40E-E25827198937}.Release|Any CPU.ActiveCfg = Release|Any CPU
		{7AE90C0A-6BC3-4CCF-B40E-E25827198937}.Release|Any CPU.Build.0 = Release|Any CPU
		{7AE90C0A-6BC3-4CCF-B40E-E25827198937}.Release|ARM.ActiveCfg = Release|Any CPU
		{7AE90C0A-6BC3-4CCF-B40E-E25827198937}.Release|ARM.Build.0 = Release|Any CPU
		{7AE90C0A-6BC3-4CCF-B40E-E25827198937}.Release|ARM64.ActiveCfg = Release|Any CPU
		{7AE90C0A-6BC3-4CCF-B40E-E25827198937}.Release|ARM64.Build.0 = Release|Any CPU
		{7AE90C0A-6BC3-4CCF-B40E-E25827198937}.Release|x64.ActiveCfg = Release|Any CPU
		{7AE90C0A-6BC3-4CCF-B40E-E25827198937}.Release|x64.Build.0 = Release|Any CPU
		{7AE90C0A-6BC3-4CCF-B40E-E25827198937}.Release|x86.ActiveCfg = Release|Any CPU
		{7AE90C0A-6BC3-4CCF-B40E-E25827198937}.Release|x86.Build.0 = Release|Any CPU
		{A084028D-043D-4C5C-918E-8C3BF3D44821}.Debug|Any CPU.ActiveCfg = Debug|Any CPU
		{A084028D-043D-4C5C-918E-8C3BF3D44821}.Debug|Any CPU.Build.0 = Debug|Any CPU
		{A084028D-043D-4C5C-918E-8C3BF3D44821}.Debug|ARM.ActiveCfg = Debug|Any CPU
		{A084028D-043D-4C5C-918E-8C3BF3D44821}.Debug|ARM.Build.0 = Debug|Any CPU
		{A084028D-043D-4C5C-918E-8C3BF3D44821}.Debug|ARM64.ActiveCfg = Debug|Any CPU
		{A084028D-043D-4C5C-918E-8C3BF3D44821}.Debug|ARM64.Build.0 = Debug|Any CPU
		{A084028D-043D-4C5C-918E-8C3BF3D44821}.Debug|x64.ActiveCfg = Debug|Any CPU
		{A084028D-043D-4C5C-918E-8C3BF3D44821}.Debug|x64.Build.0 = Debug|Any CPU
		{A084028D-043D-4C5C-918E-8C3BF3D44821}.Debug|x86.ActiveCfg = Debug|Any CPU
		{A084028D-043D-4C5C-918E-8C3BF3D44821}.Debug|x86.Build.0 = Debug|Any CPU
		{A084028D-043D-4C5C-918E-8C3BF3D44821}.Release|Any CPU.ActiveCfg = Release|Any CPU
		{A084028D-043D-4C5C-918E-8C3BF3D44821}.Release|Any CPU.Build.0 = Release|Any CPU
		{A084028D-043D-4C5C-918E-8C3BF3D44821}.Release|ARM.ActiveCfg = Release|Any CPU
		{A084028D-043D-4C5C-918E-8C3BF3D44821}.Release|ARM.Build.0 = Release|Any CPU
		{A084028D-043D-4C5C-918E-8C3BF3D44821}.Release|ARM64.ActiveCfg = Release|Any CPU
		{A084028D-043D-4C5C-918E-8C3BF3D44821}.Release|ARM64.Build.0 = Release|Any CPU
		{A084028D-043D-4C5C-918E-8C3BF3D44821}.Release|x64.ActiveCfg = Release|Any CPU
		{A084028D-043D-4C5C-918E-8C3BF3D44821}.Release|x64.Build.0 = Release|Any CPU
		{A084028D-043D-4C5C-918E-8C3BF3D44821}.Release|x86.ActiveCfg = Release|Any CPU
		{A084028D-043D-4C5C-918E-8C3BF3D44821}.Release|x86.Build.0 = Release|Any CPU
		{4F450633-2B8F-4CF8-878F-33D3A62ADBF8}.Debug|Any CPU.ActiveCfg = Debug|Any CPU
		{4F450633-2B8F-4CF8-878F-33D3A62ADBF8}.Debug|Any CPU.Build.0 = Debug|Any CPU
		{4F450633-2B8F-4CF8-878F-33D3A62ADBF8}.Debug|ARM.ActiveCfg = Debug|Any CPU
		{4F450633-2B8F-4CF8-878F-33D3A62ADBF8}.Debug|ARM.Build.0 = Debug|Any CPU
		{4F450633-2B8F-4CF8-878F-33D3A62ADBF8}.Debug|ARM64.ActiveCfg = Debug|Any CPU
		{4F450633-2B8F-4CF8-878F-33D3A62ADBF8}.Debug|ARM64.Build.0 = Debug|Any CPU
		{4F450633-2B8F-4CF8-878F-33D3A62ADBF8}.Debug|x64.ActiveCfg = Debug|Any CPU
		{4F450633-2B8F-4CF8-878F-33D3A62ADBF8}.Debug|x64.Build.0 = Debug|Any CPU
		{4F450633-2B8F-4CF8-878F-33D3A62ADBF8}.Debug|x86.ActiveCfg = Debug|Any CPU
		{4F450633-2B8F-4CF8-878F-33D3A62ADBF8}.Debug|x86.Build.0 = Debug|Any CPU
		{4F450633-2B8F-4CF8-878F-33D3A62ADBF8}.Release|Any CPU.ActiveCfg = Release|Any CPU
		{4F450633-2B8F-4CF8-878F-33D3A62ADBF8}.Release|Any CPU.Build.0 = Release|Any CPU
		{4F450633-2B8F-4CF8-878F-33D3A62ADBF8}.Release|ARM.ActiveCfg = Release|Any CPU
		{4F450633-2B8F-4CF8-878F-33D3A62ADBF8}.Release|ARM.Build.0 = Release|Any CPU
		{4F450633-2B8F-4CF8-878F-33D3A62ADBF8}.Release|ARM64.ActiveCfg = Release|Any CPU
		{4F450633-2B8F-4CF8-878F-33D3A62ADBF8}.Release|ARM64.Build.0 = Release|Any CPU
		{4F450633-2B8F-4CF8-878F-33D3A62ADBF8}.Release|x64.ActiveCfg = Release|Any CPU
		{4F450633-2B8F-4CF8-878F-33D3A62ADBF8}.Release|x64.Build.0 = Release|Any CPU
		{4F450633-2B8F-4CF8-878F-33D3A62ADBF8}.Release|x86.ActiveCfg = Release|Any CPU
		{4F450633-2B8F-4CF8-878F-33D3A62ADBF8}.Release|x86.Build.0 = Release|Any CPU
		{884C9E09-1396-40D1-B29A-A1D5EC8D38A3}.Debug|Any CPU.ActiveCfg = Debug|Any CPU
		{884C9E09-1396-40D1-B29A-A1D5EC8D38A3}.Debug|Any CPU.Build.0 = Debug|Any CPU
		{884C9E09-1396-40D1-B29A-A1D5EC8D38A3}.Debug|ARM.ActiveCfg = Debug|Any CPU
		{884C9E09-1396-40D1-B29A-A1D5EC8D38A3}.Debug|ARM.Build.0 = Debug|Any CPU
		{884C9E09-1396-40D1-B29A-A1D5EC8D38A3}.Debug|ARM64.ActiveCfg = Debug|Any CPU
		{884C9E09-1396-40D1-B29A-A1D5EC8D38A3}.Debug|ARM64.Build.0 = Debug|Any CPU
		{884C9E09-1396-40D1-B29A-A1D5EC8D38A3}.Debug|x64.ActiveCfg = Debug|Any CPU
		{884C9E09-1396-40D1-B29A-A1D5EC8D38A3}.Debug|x64.Build.0 = Debug|Any CPU
		{884C9E09-1396-40D1-B29A-A1D5EC8D38A3}.Debug|x86.ActiveCfg = Debug|Any CPU
		{884C9E09-1396-40D1-B29A-A1D5EC8D38A3}.Debug|x86.Build.0 = Debug|Any CPU
		{884C9E09-1396-40D1-B29A-A1D5EC8D38A3}.Release|Any CPU.ActiveCfg = Release|Any CPU
		{884C9E09-1396-40D1-B29A-A1D5EC8D38A3}.Release|Any CPU.Build.0 = Release|Any CPU
		{884C9E09-1396-40D1-B29A-A1D5EC8D38A3}.Release|ARM.ActiveCfg = Release|Any CPU
		{884C9E09-1396-40D1-B29A-A1D5EC8D38A3}.Release|ARM.Build.0 = Release|Any CPU
		{884C9E09-1396-40D1-B29A-A1D5EC8D38A3}.Release|ARM64.ActiveCfg = Release|Any CPU
		{884C9E09-1396-40D1-B29A-A1D5EC8D38A3}.Release|ARM64.Build.0 = Release|Any CPU
		{884C9E09-1396-40D1-B29A-A1D5EC8D38A3}.Release|x64.ActiveCfg = Release|Any CPU
		{884C9E09-1396-40D1-B29A-A1D5EC8D38A3}.Release|x64.Build.0 = Release|Any CPU
		{884C9E09-1396-40D1-B29A-A1D5EC8D38A3}.Release|x86.ActiveCfg = Release|Any CPU
		{884C9E09-1396-40D1-B29A-A1D5EC8D38A3}.Release|x86.Build.0 = Release|Any CPU
	EndGlobalSection
	GlobalSection(SolutionProperties) = preSolution
		HideSolutionNode = FALSE
	EndGlobalSection
	GlobalSection(ExtensibilityGlobals) = postSolution
		SolutionGuid = {7683287B-8725-4B5F-89E4-64687E4B36F1}
	EndGlobalSection
EndGlobal
