
Microsoft Visual Studio Solution File, Format Version 12.00
# Visual Studio Version 17
VisualStudioVersion = 17.10.35027.167
MinimumVisualStudioVersion = 10.0.40219.1
Project("{9A19103F-16F7-4668-BE54-9A1E7A4F7556}") = "NotificationMicroservice", "NotificationMicroservice\NotificationMicroservice.csproj", "{7AE90C0A-6BC3-4CCF-B40E-E25827198937}"
EndProject
Project("{9A19103F-16F7-4668-BE54-9A1E7A4F7556}") = "NotificationMicroservice.Domain", "NotificationMicroservice.Domain\NotificationMicroservice.Domain.csproj", "{0D37AB63-F723-4B17-B51A-150FB96B9CFC}"
EndProject
Project("{FAE04EC0-301F-11D3-BF4B-00C04F79EFBC}") = "NotificationMicroservice.Tests", "NotificationMicroservice.Tests\NotificationMicroservice.Tests.csproj", "{CB3AF471-31C1-4375-A6FB-8BB8CA8BD2D9}"
EndProject
Global
	GlobalSection(SolutionConfigurationPlatforms) = preSolution
		Debug|Any CPU = Debug|Any CPU
		Release|Any CPU = Release|Any CPU
	EndGlobalSection
	GlobalSection(ProjectConfigurationPlatforms) = postSolution
		{7AE90C0A-6BC3-4CCF-B40E-E25827198937}.Debug|Any CPU.ActiveCfg = Debug|Any CPU
		{7AE90C0A-6BC3-4CCF-B40E-E25827198937}.Debug|Any CPU.Build.0 = Debug|Any CPU
		{7AE90C0A-6BC3-4CCF-B40E-E25827198937}.Release|Any CPU.ActiveCfg = Release|Any CPU
		{7AE90C0A-6BC3-4CCF-B40E-E25827198937}.Release|Any CPU.Build.0 = Release|Any CPU
		{0D37AB63-F723-4B17-B51A-150FB96B9CFC}.Debug|Any CPU.ActiveCfg = Debug|Any CPU
		{0D37AB63-F723-4B17-B51A-150FB96B9CFC}.Debug|Any CPU.Build.0 = Debug|Any CPU
		{0D37AB63-F723-4B17-B51A-150FB96B9CFC}.Release|Any CPU.ActiveCfg = Release|Any CPU
		{0D37AB63-F723-4B17-B51A-150FB96B9CFC}.Release|Any CPU.Build.0 = Release|Any CPU
		{CB3AF471-31C1-4375-A6FB-8BB8CA8BD2D9}.Debug|Any CPU.ActiveCfg = Debug|Any CPU
		{CB3AF471-31C1-4375-A6FB-8BB8CA8BD2D9}.Debug|Any CPU.Build.0 = Debug|Any CPU
		{CB3AF471-31C1-4375-A6FB-8BB8CA8BD2D9}.Release|Any CPU.ActiveCfg = Release|Any CPU
		{CB3AF471-31C1-4375-A6FB-8BB8CA8BD2D9}.Release|Any CPU.Build.0 = Release|Any CPU
	EndGlobalSection
	GlobalSection(SolutionProperties) = preSolution
		HideSolutionNode = FALSE
	EndGlobalSection
	GlobalSection(ExtensibilityGlobals) = postSolution
		SolutionGuid = {7683287B-8725-4B5F-89E4-64687E4B36F1}
	EndGlobalSection
EndGlobal
